github.com/JaydenTeoh/card-deck v0.0.0-20221226073804-bd02e1322912 h1:bvrQBsY3em+vmoSWYffGEVlnoAxynZGEc1KFZwkVWuU=
github.com/JaydenTeoh/card-deck v0.0.0-20221226073804-bd02e1322912/go.mod h1:vQzdrpg0S466FuKRRGTtiCWnaiU4Fl3s2K+y0lFk6ic=
github.com/JaydenTeoh/card-deck v1.0.1 h1:3s47VT0u8tJ5+ng4bE5edLFYqTJSsonFYC1KHJrreZQ=
github.com/JaydenTeoh/card-deck v1.0.1/go.mod h1:vQzdrpg0S466FuKRRGTtiCWnaiU4Fl3s2K+y0lFk6ic=
